{
  "lockfileVersion": 1,
  "configVersion": 1,
  "workspaces": {
    "": {
      "name": "proxy-site",
      "dependencies": {
        "@ghostery/adblocker": "^2.14.1",
        "hono": "^4.0.0",
        "lru-cache": "^11.2.6",
      },
      "devDependencies": {
        "@types/bun": "^1.0.0",
      },
    },
  },
  "packages": {
    "@ghostery/adblocker": ["@ghostery/adblocker@2.14.1", "", { "dependencies": { "@ghostery/adblocker-content": "^2.14.1", "@ghostery/adblocker-extended-selectors": "^2.14.1", "@ghostery/url-parser": "^1.3.1", "@remusao/guess-url-type": "^2.1.0", "@remusao/small": "^2.1.0", "@remusao/smaz": "^2.2.0", "tldts-experimental": "^7.0.23" } }, "sha512-/cQTMJRd4/7zpgFHWqe+9wqiRPGTy+BhqfkxplvejPgq8d6spBjC6bSJV61rVHJZw5F4KOO5ReKOvuguaKG28A=="],

    "@ghostery/adblocker-content": ["@ghostery/adblocker-content@2.14.1", "", { "dependencies": { "@ghostery/adblocker-extended-selectors": "^2.14.1" } }, "sha512-hDE6RAL9xgQonJQiK1knOHy527PEwlAuvKaha4snE0XO6Vmtk0HThce1M2JFVRxGayWR3nTxoWbvEfGWXU7O/A=="],

    "@ghostery/adblocker-extended-selectors": ["@ghostery/adblocker-extended-selectors@2.14.1", "", {}, "sha512-3RARO2ukDrfwDqVEMD+HKZIwsM9QjjII+U1zqxhLXZ0dZRHjbtUHlZCsokqfjZ1JAa3ZVKcZrF0nZv5SA2LgyA=="],

    "@ghostery/url-parser": ["@ghostery/url-parser@1.3.1", "", { "dependencies": { "tldts-experimental": "^7.0.8" } }, "sha512-QKqGi+7aDQ4RcyHyCwgEk6B9vWnsBP4Q7htaN0zPJV3ATqTKEQDtSTb9c/AN586oJUDs24YXKcwFYwNweY/YjQ=="],

    "@remusao/guess-url-type": ["@remusao/guess-url-type@2.1.0", "", {}, "sha512-zI3dlTUxpjvx2GCxp9nLOSK5yEIqDCpxlAVGwb2Y49RKkS72oeNaxxo+VWS5+XQ5+Mf8Zfp9ZXIlk+G5eoEN8A=="],

    "@remusao/small": ["@remusao/small@2.1.0", "", {}, "sha512-Y1kyjZp7JU7dXdyOdxHVNfoTr1XLZJTyQP36/esZUU/WRWq9XY0PV2HsE3CsIHuaTf4pvgWv2pvzvnZ//UHIJQ=="],

    "@remusao/smaz": ["@remusao/smaz@2.2.0", "", { "dependencies": { "@remusao/smaz-compress": "^2.2.0", "@remusao/smaz-decompress": "^2.2.0" } }, "sha512-eSd3Qs0ELP/e7tU1SI5RWXcCn9KjDgvBY+KtWbL4i2QvvHhJOfdIt4v0AA3S5BbLWAr5dCEC7C4LUfogDm6q/Q=="],

    "@remusao/smaz-compress": ["@remusao/smaz-compress@2.2.0", "", { "dependencies": { "@remusao/trie": "^2.1.0" } }, "sha512-TXpTPgILRUYOt2rEe0+9PC12xULPvBqeMpmipzB9A7oM4fa9Ztvy9lLYzPTd7tiQEeoNa1pmxihpKfJtsxnM/w=="],

    "@remusao/smaz-decompress": ["@remusao/smaz-decompress@2.2.0", "", {}, "sha512-ERAPwxPaA0/yg4hkNU7T2S+lnp9jj1sApcQMtOyROvOQyo+Zuh6Hn/oRcXr8mmjlYzyRaC7E6r3mT1nrdHR6pg=="],

    "@remusao/trie": ["@remusao/trie@2.1.0", "", {}, "sha512-Er3Q8q0/2OcCJPQYJOPLmCuqO0wu7cav3SPtpjlxSbjFi1x+A1pZkkLD6c9q2rGEkGW/tkrRzfrhNMt8VQjzXg=="],

    "@types/bun": ["@types/bun@1.3.9", "", { "dependencies": { "bun-types": "1.3.9" } }, "sha512-KQ571yULOdWJiMH+RIWIOZ7B2RXQGpL1YQrBtLIV3FqDcCu6FsbFUBwhdKUlCKUpS3PJDsHlJ1QKlpxoVR+xtw=="],

    "@types/node": ["@types/node@25.3.0", "", { "dependencies": { "undici-types": "~7.18.0" } }, "sha512-4K3bqJpXpqfg2XKGK9bpDTc6xO/xoUP/RBWS7AtRMug6zZFaRekiLzjVtAoZMquxoAbzBvy5nxQ7veS5eYzf8A=="],

    "bun-types": ["bun-types@1.3.9", "", { "dependencies": { "@types/node": "*" } }, "sha512-+UBWWOakIP4Tswh0Bt0QD0alpTY8cb5hvgiYeWCMet9YukHbzuruIEeXC2D7nMJPB12kbh8C7XJykSexEqGKJg=="],

    "hono": ["hono@4.12.1", "", {}, "sha512-hi9afu8g0lfJVLolxElAZGANCTTl6bewIdsRNhaywfP9K8BPf++F2z6OLrYGIinUwpRKzbZHMhPwvc0ZEpAwGw=="],

    "lru-cache": ["lru-cache@11.2.6", "", {}, "sha512-ESL2CrkS/2wTPfuend7Zhkzo2u0daGJ/A2VucJOgQ/C48S/zB8MMeMHSGKYpXhIjbPxfuezITkaBH1wqv00DDQ=="],

    "tldts-core": ["tldts-core@7.0.23", "", {}, "sha512-0g9vrtDQLrNIiCj22HSe9d4mLVG3g5ph5DZ8zCKBr4OtrspmNB6ss7hVyzArAeE88ceZocIEGkyW1Ime7fxPtQ=="],

    "tldts-experimental": ["tldts-experimental@7.0.23", "", { "dependencies": { "tldts-core": "^7.0.23" } }, "sha512-jsBnhWMTWVodIrvNEM0vFUf/rNr8fwt9AwsbaObiEQxR0q958ZkVOmvyR+0iaIYBq00FkGGqfnbfIG5Y7GU9MA=="],

    "undici-types": ["undici-types@7.18.2", "", {}, "sha512-AsuCzffGHJybSaRrmr5eHr81mwJU3kjw6M+uprWvCXiNeN9SOGwQ3Jn8jb8m3Z6izVgknn1R0FTCEAP2QrLY/w=="],
  }
}
